
Microsoft Visual Studio Solution File, Format Version 12.00
Project("{FAE04EC0-301F-11D3-BF4B-00C04F79EFBC}") = "TestApp", "TestApp\TestApp.csproj", "{E1A16793-9331-4F4E-9576-3724DD17146E}"
EndProject
Project("{FAE04EC0-301F-11D3-BF4B-00C04F79EFBC}") = "SecondTask", "SecondTask\SecondTask.csproj", "{23B61EF8-A3E8-4859-8894-D3767D7FA77D}"
EndProject
Project("{FAE04EC0-301F-11D3-BF4B-00C04F79EFBC}") = "SecondPractice", "SecondPractice\SecondPractice.csproj", "{B43AA378-6426-4E89-8EE8-2FAA67365C2D}"
EndProject
Project("{FAE04EC0-301F-11D3-BF4B-00C04F79EFBC}") = "Practice1", "Practice1\Practice1.csproj", "{5A205B61-7D2B-43C5-AE6A-729C66A32235}"
EndProject
Project("{FAE04EC0-301F-11D3-BF4B-00C04F79EFBC}") = "LaboratoryWork3", "LaboratoryWork3\LaboratoryWork3.csproj", "{605E1115-AD1F-4507-9AF1-09D62804666C}"
EndProject
Project("{FAE04EC0-301F-11D3-BF4B-00C04F79EFBC}") = "LaboratoryWork4", "LaboratoryWork4\LaboratoryWork4.csproj", "{ABC0039B-F399-4F37-A450-0574E69DF9F3}"
EndProject
Global
	GlobalSection(SolutionConfigurationPlatforms) = preSolution
		Debug|Any CPU = Debug|Any CPU
		Release|Any CPU = Release|Any CPU
	EndGlobalSection
	GlobalSection(ProjectConfigurationPlatforms) = postSolution
		{E1A16793-9331-4F4E-9576-3724DD17146E}.Debug|Any CPU.ActiveCfg = Debug|Any CPU
		{E1A16793-9331-4F4E-9576-3724DD17146E}.Debug|Any CPU.Build.0 = Debug|Any CPU
		{E1A16793-9331-4F4E-9576-3724DD17146E}.Release|Any CPU.ActiveCfg = Release|Any CPU
		{E1A16793-9331-4F4E-9576-3724DD17146E}.Release|Any CPU.Build.0 = Release|Any CPU
		{23B61EF8-A3E8-4859-8894-D3767D7FA77D}.Debug|Any CPU.ActiveCfg = Debug|Any CPU
		{23B61EF8-A3E8-4859-8894-D3767D7FA77D}.Debug|Any CPU.Build.0 = Debug|Any CPU
		{23B61EF8-A3E8-4859-8894-D3767D7FA77D}.Release|Any CPU.ActiveCfg = Release|Any CPU
		{23B61EF8-A3E8-4859-8894-D3767D7FA77D}.Release|Any CPU.Build.0 = Release|Any CPU
		{B43AA378-6426-4E89-8EE8-2FAA67365C2D}.Debug|Any CPU.ActiveCfg = Debug|Any CPU
		{B43AA378-6426-4E89-8EE8-2FAA67365C2D}.Debug|Any CPU.Build.0 = Debug|Any CPU
		{B43AA378-6426-4E89-8EE8-2FAA67365C2D}.Release|Any CPU.ActiveCfg = Release|Any CPU
		{B43AA378-6426-4E89-8EE8-2FAA67365C2D}.Release|Any CPU.Build.0 = Release|Any CPU
		{5A205B61-7D2B-43C5-AE6A-729C66A32235}.Debug|Any CPU.ActiveCfg = Debug|Any CPU
		{5A205B61-7D2B-43C5-AE6A-729C66A32235}.Debug|Any CPU.Build.0 = Debug|Any CPU
		{5A205B61-7D2B-43C5-AE6A-729C66A32235}.Release|Any CPU.ActiveCfg = Release|Any CPU
		{5A205B61-7D2B-43C5-AE6A-729C66A32235}.Release|Any CPU.Build.0 = Release|Any CPU
		{605E1115-AD1F-4507-9AF1-09D62804666C}.Debug|Any CPU.ActiveCfg = Debug|Any CPU
		{605E1115-AD1F-4507-9AF1-09D62804666C}.Debug|Any CPU.Build.0 = Debug|Any CPU
		{605E1115-AD1F-4507-9AF1-09D62804666C}.Release|Any CPU.ActiveCfg = Release|Any CPU
		{605E1115-AD1F-4507-9AF1-09D62804666C}.Release|Any CPU.Build.0 = Release|Any CPU
		{ABC0039B-F399-4F37-A450-0574E69DF9F3}.Debug|Any CPU.ActiveCfg = Debug|Any CPU
		{ABC0039B-F399-4F37-A450-0574E69DF9F3}.Debug|Any CPU.Build.0 = Debug|Any CPU
		{ABC0039B-F399-4F37-A450-0574E69DF9F3}.Release|Any CPU.ActiveCfg = Release|Any CPU
		{ABC0039B-F399-4F37-A450-0574E69DF9F3}.Release|Any CPU.Build.0 = Release|Any CPU
	EndGlobalSection
EndGlobal
